
Microsoft Visual Studio Solution File, Format Version 12.00
# Visual Studio Version 16
VisualStudioVersion = 16.0.31112.23
MinimumVisualStudioVersion = 10.0.40219.1
Project("{FAE04EC0-301F-11D3-BF4B-00C04F79EFBC}") = "Final-thesis-api", "Final-thesis-api.csproj", "{ECB54B09-5ACC-4235-A5B6-869FDCFCF40A}"
EndProject
Global
	GlobalSection(SolutionConfigurationPlatforms) = preSolution
		Debug|Any CPU = Debug|Any CPU
		Release|Any CPU = Release|Any CPU
	EndGlobalSection
	GlobalSection(ProjectConfigurationPlatforms) = postSolution
		{ECB54B09-5ACC-4235-A5B6-869FDCFCF40A}.Debug|Any CPU.ActiveCfg = Debug|Any CPU
		{ECB54B09-5ACC-4235-A5B6-869FDCFCF40A}.Debug|Any CPU.Build.0 = Debug|Any CPU
		{ECB54B09-5ACC-4235-A5B6-869FDCFCF40A}.Release|Any CPU.ActiveCfg = Release|Any CPU
		{ECB54B09-5ACC-4235-A5B6-869FDCFCF40A}.Release|Any CPU.Build.0 = Release|Any CPU
	EndGlobalSection
	GlobalSection(SolutionProperties) = preSolution
		HideSolutionNode = FALSE
	EndGlobalSection
	GlobalSection(ExtensibilityGlobals) = postSolution
		SolutionGuid = {E3AE8542-A7AF-430E-B267-4796D49AE70A}
	EndGlobalSection
EndGlobal
