
Microsoft Visual Studio Solution File, Format Version 12.00
# Visual Studio Version 17
VisualStudioVersion = 17.1.32210.238
MinimumVisualStudioVersion = 10.0.40219.1
Project("{9A19103F-16F7-4668-BE54-9A1E7A4F7556}") = "Final-thesis-api", "Final-thesis-api.csproj", "{ECB54B09-5ACC-4235-A5B6-869FDCFCF40A}"
EndProject
Project("{2150E333-8FDC-42A3-9474-1A3956D46DE8}") = "Core", "Core", "{66E75882-95A5-46BC-86C0-1A55B103BDE1}"
EndProject
Project("{2150E333-8FDC-42A3-9474-1A3956D46DE8}") = "Infrastructure", "Infrastructure", "{CDC27473-EC2D-4D00-84C7-B222FF507ACF}"
EndProject
Project("{2150E333-8FDC-42A3-9474-1A3956D46DE8}") = "Presentation", "Presentation", "{8F334094-7721-4021-961C-750B26BDBEB3}"
EndProject
Global
	GlobalSection(SolutionConfigurationPlatforms) = preSolution
		Debug|Any CPU = Debug|Any CPU
		Release|Any CPU = Release|Any CPU
	EndGlobalSection
	GlobalSection(ProjectConfigurationPlatforms) = postSolution
		{ECB54B09-5ACC-4235-A5B6-869FDCFCF40A}.Debug|Any CPU.ActiveCfg = Debug|Any CPU
		{ECB54B09-5ACC-4235-A5B6-869FDCFCF40A}.Debug|Any CPU.Build.0 = Debug|Any CPU
		{ECB54B09-5ACC-4235-A5B6-869FDCFCF40A}.Release|Any CPU.ActiveCfg = Release|Any CPU
		{ECB54B09-5ACC-4235-A5B6-869FDCFCF40A}.Release|Any CPU.Build.0 = Release|Any CPU
	EndGlobalSection
	GlobalSection(SolutionProperties) = preSolution
		HideSolutionNode = FALSE
	EndGlobalSection
	GlobalSection(NestedProjects) = preSolution
		{ECB54B09-5ACC-4235-A5B6-869FDCFCF40A} = {8F334094-7721-4021-961C-750B26BDBEB3}
	EndGlobalSection
	GlobalSection(ExtensibilityGlobals) = postSolution
		SolutionGuid = {E3AE8542-A7AF-430E-B267-4796D49AE70A}
	EndGlobalSection
EndGlobal
